
Microsoft Visual Studio Solution File, Format Version 12.00
# Visual Studio Version 17
VisualStudioVersion = 17.8.34601.278
MinimumVisualStudioVersion = 10.0.40219.1
Project("{FAE04EC0-301F-11D3-BF4B-00C04F79EFBC}") = "ADSProyect", "ADSProyect\ADSProyect.csproj", "{318DE162-3AEE-43FB-BBF8-560E80C0B5D2}"
EndProject
Global
	GlobalSection(SolutionConfigurationPlatforms) = preSolution
		Debug|Any CPU = Debug|Any CPU
		Release|Any CPU = Release|Any CPU
	EndGlobalSection
	GlobalSection(ProjectConfigurationPlatforms) = postSolution
		{318DE162-3AEE-43FB-BBF8-560E80C0B5D2}.Debug|Any CPU.ActiveCfg = Debug|Any CPU
		{318DE162-3AEE-43FB-BBF8-560E80C0B5D2}.Debug|Any CPU.Build.0 = Debug|Any CPU
		{318DE162-3AEE-43FB-BBF8-560E80C0B5D2}.Release|Any CPU.ActiveCfg = Release|Any CPU
		{318DE162-3AEE-43FB-BBF8-560E80C0B5D2}.Release|Any CPU.Build.0 = Release|Any CPU
	EndGlobalSection
	GlobalSection(SolutionProperties) = preSolution
		HideSolutionNode = FALSE
	EndGlobalSection
	GlobalSection(ExtensibilityGlobals) = postSolution
		SolutionGuid = {F479D8E4-F292-4C88-BC77-940640344613}
	EndGlobalSection
EndGlobal
